
Microsoft Visual Studio Solution File, Format Version 12.00
# Visual Studio Version 17
VisualStudioVersion = 17.8.34601.278
MinimumVisualStudioVersion = 10.0.40219.1
Project("{FAE04EC0-301F-11D3-BF4B-00C04F79EFBC}") = "TheatreManagement", "TheatreManagement\TheatreManagement.csproj", "{55F61DC9-3339-4FEE-96DE-A978E2C7AA74}"
EndProject
Global
	GlobalSection(SolutionConfigurationPlatforms) = preSolution
		Debug|Any CPU = Debug|Any CPU
		Release|Any CPU = Release|Any CPU
	EndGlobalSection
	GlobalSection(ProjectConfigurationPlatforms) = postSolution
		{55F61DC9-3339-4FEE-96DE-A978E2C7AA74}.Debug|Any CPU.ActiveCfg = Debug|Any CPU
		{55F61DC9-3339-4FEE-96DE-A978E2C7AA74}.Debug|Any CPU.Build.0 = Debug|Any CPU
		{55F61DC9-3339-4FEE-96DE-A978E2C7AA74}.Release|Any CPU.ActiveCfg = Release|Any CPU
		{55F61DC9-3339-4FEE-96DE-A978E2C7AA74}.Release|Any CPU.Build.0 = Release|Any CPU
	EndGlobalSection
	GlobalSection(SolutionProperties) = preSolution
		HideSolutionNode = FALSE
	EndGlobalSection
	GlobalSection(ExtensibilityGlobals) = postSolution
		SolutionGuid = {4316A7B0-F10F-4555-B0FB-BE91741EC321}
	EndGlobalSection
EndGlobal
